
Microsoft Visual Studio Solution File, Format Version 12.00
# Visual Studio Version 17
VisualStudioVersion = 17.13.35913.81 d17.13
MinimumVisualStudioVersion = 10.0.40219.1
Project("{FAE04EC0-301F-11D3-BF4B-00C04F79EFBC}") = "ConsoleGameProject", "ConsoleGameProject.csproj", "{DAE28B86-3A6F-4543-B574-6E4AC75C3C27}"
EndProject
Global
	GlobalSection(SolutionConfigurationPlatforms) = preSolution
		Debug|Any CPU = Debug|Any CPU
		Release|Any CPU = Release|Any CPU
	EndGlobalSection
	GlobalSection(ProjectConfigurationPlatforms) = postSolution
		{DAE28B86-3A6F-4543-B574-6E4AC75C3C27}.Debug|Any CPU.ActiveCfg = Debug|Any CPU
		{DAE28B86-3A6F-4543-B574-6E4AC75C3C27}.Debug|Any CPU.Build.0 = Debug|Any CPU
		{DAE28B86-3A6F-4543-B574-6E4AC75C3C27}.Release|Any CPU.ActiveCfg = Release|Any CPU
		{DAE28B86-3A6F-4543-B574-6E4AC75C3C27}.Release|Any CPU.Build.0 = Release|Any CPU
	EndGlobalSection
	GlobalSection(SolutionProperties) = preSolution
		HideSolutionNode = FALSE
	EndGlobalSection
	GlobalSection(ExtensibilityGlobals) = postSolution
		SolutionGuid = {CF009A9C-4B4C-4DA8-A880-166DB3CBAA28}
	EndGlobalSection
EndGlobal
